
Microsoft Visual Studio Solution File, Format Version 12.00
# Visual Studio 15
Project("{FAE04EC0-301F-11D3-BF4B-00C04F79EFBC}") = "Assembly-CSharp", "Assembly-CSharp.csproj", "{C6F858FB-7D5D-A5DB-1613-080F734ED2C6}"
EndProject
Project("{FAE04EC0-301F-11D3-BF4B-00C04F79EFBC}") = "Replica.Link.Editor", "Replica.Link.Editor.csproj", "{5568FAE0-4F80-8720-34D1-A2583564E9E2}"
EndProject
Project("{FAE04EC0-301F-11D3-BF4B-00C04F79EFBC}") = "Replica.VSAttribution.Editor", "Replica.VSAttribution.Editor.csproj", "{670C1AEB-9E79-058D-79C9-5B547BAF1DA7}"
EndProject
Project("{FAE04EC0-301F-11D3-BF4B-00C04F79EFBC}") = "Assembly-CSharp-Editor", "Assembly-CSharp-Editor.csproj", "{55B36076-613A-7847-53EA-B35F54953827}"
EndProject
Global
	GlobalSection(SolutionConfigurationPlatforms) = preSolution
		Debug|Any CPU = Debug|Any CPU
		Release|Any CPU = Release|Any CPU
	EndGlobalSection
	GlobalSection(ProjectConfigurationPlatforms) = postSolution
		{C6F858FB-7D5D-A5DB-1613-080F734ED2C6}.Debug|Any CPU.ActiveCfg = Debug|Any CPU
		{C6F858FB-7D5D-A5DB-1613-080F734ED2C6}.Debug|Any CPU.Build.0 = Debug|Any CPU
		{C6F858FB-7D5D-A5DB-1613-080F734ED2C6}.Release|Any CPU.ActiveCfg = Release|Any CPU
		{C6F858FB-7D5D-A5DB-1613-080F734ED2C6}.Release|Any CPU.Build.0 = Release|Any CPU
		{5568FAE0-4F80-8720-34D1-A2583564E9E2}.Debug|Any CPU.ActiveCfg = Debug|Any CPU
		{5568FAE0-4F80-8720-34D1-A2583564E9E2}.Debug|Any CPU.Build.0 = Debug|Any CPU
		{5568FAE0-4F80-8720-34D1-A2583564E9E2}.Release|Any CPU.ActiveCfg = Release|Any CPU
		{5568FAE0-4F80-8720-34D1-A2583564E9E2}.Release|Any CPU.Build.0 = Release|Any CPU
		{670C1AEB-9E79-058D-79C9-5B547BAF1DA7}.Debug|Any CPU.ActiveCfg = Debug|Any CPU
		{670C1AEB-9E79-058D-79C9-5B547BAF1DA7}.Debug|Any CPU.Build.0 = Debug|Any CPU
		{670C1AEB-9E79-058D-79C9-5B547BAF1DA7}.Release|Any CPU.ActiveCfg = Release|Any CPU
		{670C1AEB-9E79-058D-79C9-5B547BAF1DA7}.Release|Any CPU.Build.0 = Release|Any CPU
		{55B36076-613A-7847-53EA-B35F54953827}.Debug|Any CPU.ActiveCfg = Debug|Any CPU
		{55B36076-613A-7847-53EA-B35F54953827}.Debug|Any CPU.Build.0 = Debug|Any CPU
		{55B36076-613A-7847-53EA-B35F54953827}.Release|Any CPU.ActiveCfg = Release|Any CPU
		{55B36076-613A-7847-53EA-B35F54953827}.Release|Any CPU.Build.0 = Release|Any CPU
	EndGlobalSection
	GlobalSection(SolutionProperties) = preSolution
		HideSolutionNode = FALSE
	EndGlobalSection
EndGlobal
